Microsoft Visual Studio Solution File, Format Version 12.00
# Visual Studio 15
VisualStudioVersion = 15.0.28307.489
MinimumVisualStudioVersion = 10.0.40219.1
Project("{F2A71F9B-5D33-465A-A702-920D77279786}") = "DataForm_FSharp", "DataForm_FSharp.fsproj", "{85780D25-884C-4385-80B9-87926191A8CC}"
EndProject
Project("{FAE04EC0-301F-11D3-BF4B-00C04F79EFBC}") = "DataForm_FSharp.iOS", "..\DataForm_FSharp.iOS\DataForm_FSharp.iOS.csproj", "{F367BE2F-DC72-47BF-8D20-949FE75C08B7}"
EndProject
Project("{FAE04EC0-301F-11D3-BF4B-00C04F79EFBC}") = "DataForm_FSharp.Android", "..\DataForm_FSharp.Android\DataForm_FSharp.Android.csproj", "{2E8AD5A1-00F2-41BE-870C-4D29CD2BA391}"
EndProject
Project("{FAE04EC0-301F-11D3-BF4B-00C04F79EFBC}") = "DataForm_FSharp.UWP", "..\DataForm_FSharp.UWP\DataForm_FSharp.UWP.csproj", "{2889D79A-A1BE-4132-806A-7875DEA088E4}"
EndProject
Global
	GlobalSection(SolutionConfigurationPlatforms) = preSolution
		Ad-Hoc|Any CPU = Ad-Hoc|Any CPU
		Ad-Hoc|ARM = Ad-Hoc|ARM
		Ad-Hoc|iPhone = Ad-Hoc|iPhone
		Ad-Hoc|iPhoneSimulator = Ad-Hoc|iPhoneSimulator
		Ad-Hoc|x64 = Ad-Hoc|x64
		Ad-Hoc|x86 = Ad-Hoc|x86
		AppStore|Any CPU = AppStore|Any CPU
		AppStore|ARM = AppStore|ARM
		AppStore|iPhone = AppStore|iPhone
		AppStore|iPhoneSimulator = AppStore|iPhoneSimulator
		AppStore|x64 = AppStore|x64
		AppStore|x86 = AppStore|x86
		Debug|Any CPU = Debug|Any CPU
		Debug|ARM = Debug|ARM
		Debug|iPhone = Debug|iPhone
		Debug|iPhoneSimulator = Debug|iPhoneSimulator
		Debug|x64 = Debug|x64
		Debug|x86 = Debug|x86
		Release|Any CPU = Release|Any CPU
		Release|ARM = Release|ARM
		Release|iPhone = Release|iPhone
		Release|iPhoneSimulator = Release|iPhoneSimulator
		Release|x64 = Release|x64
		Release|x86 = Release|x86
		Release-xml|Any CPU = Release-xml|Any CPU
		Release-xml|ARM = Release-xml|ARM
		Release-xml|iPhone = Release-xml|iPhone
		Release-xml|iPhoneSimulator = Release-xml|iPhoneSimulator
		Release-xml|x64 = Release-xml|x64
		Release-xml|x86 = Release-xml|x86
	EndGlobalSection
	GlobalSection(ProjectConfigurationPlatforms) = postSolution
		{85780D25-884C-4385-80B9-87926191A8CC}.Ad-Hoc|Any CPU.ActiveCfg = Release|Any CPU
		{85780D25-884C-4385-80B9-87926191A8CC}.Ad-Hoc|Any CPU.Build.0 = Release|Any CPU
		{85780D25-884C-4385-80B9-87926191A8CC}.Ad-Hoc|ARM.ActiveCfg = Debug|Any CPU
		{85780D25-884C-4385-80B9-87926191A8CC}.Ad-Hoc|ARM.Build.0 = Debug|Any CPU
		{85780D25-884C-4385-80B9-87926191A8CC}.Ad-Hoc|iPhone.ActiveCfg = Debug|Any CPU
		{85780D25-884C-4385-80B9-87926191A8CC}.Ad-Hoc|iPhone.Build.0 = Debug|Any CPU
		{85780D25-884C-4385-80B9-87926191A8CC}.Ad-Hoc|iPhoneSimulator.ActiveCfg = Release|Any CPU
		{85780D25-884C-4385-80B9-87926191A8CC}.Ad-Hoc|iPhoneSimulator.Build.0 = Release|Any CPU
		{85780D25-884C-4385-80B9-87926191A8CC}.Ad-Hoc|x64.ActiveCfg = Debug|Any CPU
		{85780D25-884C-4385-80B9-87926191A8CC}.Ad-Hoc|x64.Build.0 = Debug|Any CPU
		{85780D25-884C-4385-80B9-87926191A8CC}.Ad-Hoc|x86.ActiveCfg = Debug|Any CPU
		{85780D25-884C-4385-80B9-87926191A8CC}.Ad-Hoc|x86.Build.0 = Debug|Any CPU
		{85780D25-884C-4385-80B9-87926191A8CC}.AppStore|Any CPU.ActiveCfg = Release|Any CPU
		{85780D25-884C-4385-80B9-87926191A8CC}.AppStore|Any CPU.Build.0 = Release|Any CPU
		{85780D25-884C-4385-80B9-87926191A8CC}.AppStore|ARM.ActiveCfg = Debug|Any CPU
		{85780D25-884C-4385-80B9-87926191A8CC}.AppStore|ARM.Build.0 = Debug|Any CPU
		{85780D25-884C-4385-80B9-87926191A8CC}.AppStore|iPhone.ActiveCfg = Debug|Any CPU
		{85780D25-884C-4385-80B9-87926191A8CC}.AppStore|iPhone.Build.0 = Debug|Any CPU
		{85780D25-884C-4385-80B9-87926191A8CC}.AppStore|iPhoneSimulator.ActiveCfg = Release|Any CPU
		{85780D25-884C-4385-80B9-87926191A8CC}.AppStore|iPhoneSimulator.Build.0 = Release|Any CPU
		{85780D25-884C-4385-80B9-87926191A8CC}.AppStore|x64.ActiveCfg = Debug|Any CPU
		{85780D25-884C-4385-80B9-87926191A8CC}.AppStore|x64.Build.0 = Debug|Any CPU
		{85780D25-884C-4385-80B9-87926191A8CC}.AppStore|x86.ActiveCfg = Debug|Any CPU
		{85780D25-884C-4385-80B9-87926191A8CC}.AppStore|x86.Build.0 = Debug|Any CPU
		{85780D25-884C-4385-80B9-87926191A8CC}.Debug|Any CPU.ActiveCfg = Debug|Any CPU
		{85780D25-884C-4385-80B9-87926191A8CC}.Debug|Any CPU.Build.0 = Debug|Any CPU
		{85780D25-884C-4385-80B9-87926191A8CC}.Debug|ARM.ActiveCfg = Debug|Any CPU
		{85780D25-884C-4385-80B9-87926191A8CC}.Debug|ARM.Build.0 = Debug|Any CPU
		{85780D25-884C-4385-80B9-87926191A8CC}.Debug|iPhone.ActiveCfg = Debug|Any CPU
		{85780D25-884C-4385-80B9-87926191A8CC}.Debug|iPhone.Build.0 = Debug|Any CPU
		{85780D25-884C-4385-80B9-87926191A8CC}.Debug|iPhoneSimulator.ActiveCfg = Debug|Any CPU
		{85780D25-884C-4385-80B9-87926191A8CC}.Debug|iPhoneSimulator.Build.0 = Debug|Any CPU
		{85780D25-884C-4385-80B9-87926191A8CC}.Debug|x64.ActiveCfg = Debug|Any CPU
		{85780D25-884C-4385-80B9-87926191A8CC}.Debug|x64.Build.0 = Debug|Any CPU
		{85780D25-884C-4385-80B9-87926191A8CC}.Debug|x86.ActiveCfg = Debug|Any CPU
		{85780D25-884C-4385-80B9-87926191A8CC}.Debug|x86.Build.0 = Debug|Any CPU
		{85780D25-884C-4385-80B9-87926191A8CC}.Release|Any CPU.ActiveCfg = Release|Any CPU
		{85780D25-884C-4385-80B9-87926191A8CC}.Release|Any CPU.Build.0 = Release|Any CPU
		{85780D25-884C-4385-80B9-87926191A8CC}.Release|ARM.ActiveCfg = Release|Any CPU
		{85780D25-884C-4385-80B9-87926191A8CC}.Release|ARM.Build.0 = Release|Any CPU
		{85780D25-884C-4385-80B9-87926191A8CC}.Release|iPhone.ActiveCfg = Release|Any CPU
		{85780D25-884C-4385-80B9-87926191A8CC}.Release|iPhone.Build.0 = Release|Any CPU
		{85780D25-884C-4385-80B9-87926191A8CC}.Release|iPhoneSimulator.ActiveCfg = Release|Any CPU
		{85780D25-884C-4385-80B9-87926191A8CC}.Release|iPhoneSimulator.Build.0 = Release|Any CPU
		{85780D25-884C-4385-80B9-87926191A8CC}.Release|x64.ActiveCfg = Release|Any CPU
		{85780D25-884C-4385-80B9-87926191A8CC}.Release|x64.Build.0 = Release|Any CPU
		{85780D25-884C-4385-80B9-87926191A8CC}.Release|x86.ActiveCfg = Release|Any CPU
		{85780D25-884C-4385-80B9-87926191A8CC}.Release|x86.Build.0 = Release|Any CPU
		{85780D25-884C-4385-80B9-87926191A8CC}.Release-xml|Any CPU.ActiveCfg = Debug|Any CPU
		{85780D25-884C-4385-80B9-87926191A8CC}.Release-xml|Any CPU.Build.0 = Debug|Any CPU
		{85780D25-884C-4385-80B9-87926191A8CC}.Release-xml|ARM.ActiveCfg = Release|Any CPU
		{85780D25-884C-4385-80B9-87926191A8CC}.Release-xml|ARM.Build.0 = Release|Any CPU
		{85780D25-884C-4385-80B9-87926191A8CC}.Release-xml|iPhone.ActiveCfg = Release|Any CPU
		{85780D25-884C-4385-80B9-87926191A8CC}.Release-xml|iPhone.Build.0 = Release|Any CPU
		{85780D25-884C-4385-80B9-87926191A8CC}.Release-xml|iPhoneSimulator.ActiveCfg = Release|Any CPU
		{85780D25-884C-4385-80B9-87926191A8CC}.Release-xml|iPhoneSimulator.Build.0 = Release|Any CPU
		{85780D25-884C-4385-80B9-87926191A8CC}.Release-xml|x64.ActiveCfg = Release|Any CPU
		{85780D25-884C-4385-80B9-87926191A8CC}.Release-xml|x64.Build.0 = Release|Any CPU
		{85780D25-884C-4385-80B9-87926191A8CC}.Release-xml|x86.ActiveCfg = Release|Any CPU
		{85780D25-884C-4385-80B9-87926191A8CC}.Release-xml|x86.Build.0 = Release|Any CPU
		{F367BE2F-DC72-47BF-8D20-949FE75C08B7}.Ad-Hoc|Any CPU.ActiveCfg = Ad-Hoc|iPhoneSimulator
		{F367BE2F-DC72-47BF-8D20-949FE75C08B7}.Ad-Hoc|ARM.ActiveCfg = Ad-Hoc|iPhone
		{F367BE2F-DC72-47BF-8D20-949FE75C08B7}.Ad-Hoc|iPhone.ActiveCfg = Ad-Hoc|iPhone
		{F367BE2F-DC72-47BF-8D20-949FE75C08B7}.Ad-Hoc|iPhone.Build.0 = Ad-Hoc|iPhone
		{F367BE2F-DC72-47BF-8D20-949FE75C08B7}.Ad-Hoc|iPhoneSimulator.ActiveCfg = Ad-Hoc|iPhoneSimulator
		{F367BE2F-DC72-47BF-8D20-949FE75C08B7}.Ad-Hoc|iPhoneSimulator.Build.0 = Ad-Hoc|iPhoneSimulator
		{F367BE2F-DC72-47BF-8D20-949FE75C08B7}.Ad-Hoc|x64.ActiveCfg = Ad-Hoc|iPhone
		{F367BE2F-DC72-47BF-8D20-949FE75C08B7}.Ad-Hoc|x86.ActiveCfg = Ad-Hoc|iPhone
		{F367BE2F-DC72-47BF-8D20-949FE75C08B7}.AppStore|Any CPU.ActiveCfg = AppStore|iPhoneSimulator
		{F367BE2F-DC72-47BF-8D20-949FE75C08B7}.AppStore|ARM.ActiveCfg = AppStore|iPhone
		{F367BE2F-DC72-47BF-8D20-949FE75C08B7}.AppStore|iPhone.ActiveCfg = AppStore|iPhone
		{F367BE2F-DC72-47BF-8D20-949FE75C08B7}.AppStore|iPhone.Build.0 = AppStore|iPhone
		{F367BE2F-DC72-47BF-8D20-949FE75C08B7}.AppStore|iPhoneSimulator.ActiveCfg = AppStore|iPhoneSimulator
		{F367BE2F-DC72-47BF-8D20-949FE75C08B7}.AppStore|iPhoneSimulator.Build.0 = AppStore|iPhoneSimulator
		{F367BE2F-DC72-47BF-8D20-949FE75C08B7}.AppStore|x64.ActiveCfg = AppStore|iPhone
		{F367BE2F-DC72-47BF-8D20-949FE75C08B7}.AppStore|x86.ActiveCfg = AppStore|iPhone
		{F367BE2F-DC72-47BF-8D20-949FE75C08B7}.Debug|Any CPU.ActiveCfg = Debug|iPhoneSimulator
		{F367BE2F-DC72-47BF-8D20-949FE75C08B7}.Debug|Any CPU.Build.0 = Debug|iPhoneSimulator
		{F367BE2F-DC72-47BF-8D20-949FE75C08B7}.Debug|ARM.ActiveCfg = Debug|iPhone
		{F367BE2F-DC72-47BF-8D20-949FE75C08B7}.Debug|iPhone.ActiveCfg = Debug|iPhone
		{F367BE2F-DC72-47BF-8D20-949FE75C08B7}.Debug|iPhone.Build.0 = Debug|iPhone
		{F367BE2F-DC72-47BF-8D20-949FE75C08B7}.Debug|iPhoneSimulator.ActiveCfg = Debug|iPhoneSimulator
		{F367BE2F-DC72-47BF-8D20-949FE75C08B7}.Debug|iPhoneSimulator.Build.0 = Debug|iPhoneSimulator
		{F367BE2F-DC72-47BF-8D20-949FE75C08B7}.Debug|x64.ActiveCfg = Debug|iPhone
		{F367BE2F-DC72-47BF-8D20-949FE75C08B7}.Debug|x86.ActiveCfg = Debug|iPhone
		{F367BE2F-DC72-47BF-8D20-949FE75C08B7}.Release|Any CPU.ActiveCfg = Release|iPhoneSimulator
		{F367BE2F-DC72-47BF-8D20-949FE75C08B7}.Release|Any CPU.Build.0 = Release|iPhoneSimulator
		{F367BE2F-DC72-47BF-8D20-949FE75C08B7}.Release|ARM.ActiveCfg = Release|iPhone
		{F367BE2F-DC72-47BF-8D20-949FE75C08B7}.Release|iPhone.ActiveCfg = Release|iPhone
		{F367BE2F-DC72-47BF-8D20-949FE75C08B7}.Release|iPhone.Build.0 = Release|iPhone
		{F367BE2F-DC72-47BF-8D20-949FE75C08B7}.Release|iPhoneSimulator.ActiveCfg = Release|iPhoneSimulator
		{F367BE2F-DC72-47BF-8D20-949FE75C08B7}.Release|iPhoneSimulator.Build.0 = Release|iPhoneSimulator
		{F367BE2F-DC72-47BF-8D20-949FE75C08B7}.Release|x64.ActiveCfg = Release|iPhone
		{F367BE2F-DC72-47BF-8D20-949FE75C08B7}.Release|x86.ActiveCfg = Release|iPhone
		{F367BE2F-DC72-47BF-8D20-949FE75C08B7}.Release-xml|Any CPU.ActiveCfg = Debug|iPhoneSimulator
		{F367BE2F-DC72-47BF-8D20-949FE75C08B7}.Release-xml|Any CPU.Build.0 = Debug|iPhoneSimulator
		{F367BE2F-DC72-47BF-8D20-949FE75C08B7}.Release-xml|ARM.ActiveCfg = Release|iPhone
		{F367BE2F-DC72-47BF-8D20-949FE75C08B7}.Release-xml|ARM.Build.0 = Release|iPhone
		{F367BE2F-DC72-47BF-8D20-949FE75C08B7}.Release-xml|iPhone.ActiveCfg = Release|iPhone
		{F367BE2F-DC72-47BF-8D20-949FE75C08B7}.Release-xml|iPhone.Build.0 = Release|iPhone
		{F367BE2F-DC72-47BF-8D20-949FE75C08B7}.Release-xml|iPhoneSimulator.ActiveCfg = Release|iPhoneSimulator
		{F367BE2F-DC72-47BF-8D20-949FE75C08B7}.Release-xml|iPhoneSimulator.Build.0 = Release|iPhoneSimulator
		{F367BE2F-DC72-47BF-8D20-949FE75C08B7}.Release-xml|x64.ActiveCfg = Release|iPhone
		{F367BE2F-DC72-47BF-8D20-949FE75C08B7}.Release-xml|x64.Build.0 = Release|iPhone
		{F367BE2F-DC72-47BF-8D20-949FE75C08B7}.Release-xml|x86.ActiveCfg = Release|iPhone
		{F367BE2F-DC72-47BF-8D20-949FE75C08B7}.Release-xml|x86.Build.0 = Release|iPhone
		{2E8AD5A1-00F2-41BE-870C-4D29CD2BA391}.Ad-Hoc|Any CPU.ActiveCfg = Debug|Any CPU
		{2E8AD5A1-00F2-41BE-870C-4D29CD2BA391}.Ad-Hoc|Any CPU.Build.0 = Debug|Any CPU
		{2E8AD5A1-00F2-41BE-870C-4D29CD2BA391}.Ad-Hoc|Any CPU.Deploy.0 = Debug|Any CPU
		{2E8AD5A1-00F2-41BE-870C-4D29CD2BA391}.Ad-Hoc|ARM.ActiveCfg = Release|Any CPU
		{2E8AD5A1-00F2-41BE-870C-4D29CD2BA391}.Ad-Hoc|ARM.Build.0 = Release|Any CPU
		{2E8AD5A1-00F2-41BE-870C-4D29CD2BA391}.Ad-Hoc|ARM.Deploy.0 = Release|Any CPU
		{2E8AD5A1-00F2-41BE-870C-4D29CD2BA391}.Ad-Hoc|iPhone.ActiveCfg = Release|Any CPU
		{2E8AD5A1-00F2-41BE-870C-4D29CD2BA391}.Ad-Hoc|iPhone.Build.0 = Release|Any CPU
		{2E8AD5A1-00F2-41BE-870C-4D29CD2BA391}.Ad-Hoc|iPhoneSimulator.ActiveCfg = Debug|Any CPU
		{2E8AD5A1-00F2-41BE-870C-4D29CD2BA391}.Ad-Hoc|iPhoneSimulator.Build.0 = Debug|Any CPU
		{2E8AD5A1-00F2-41BE-870C-4D29CD2BA391}.Ad-Hoc|iPhoneSimulator.Deploy.0 = Debug|Any CPU
		{2E8AD5A1-00F2-41BE-870C-4D29CD2BA391}.Ad-Hoc|x64.ActiveCfg = Release|Any CPU
		{2E8AD5A1-00F2-41BE-870C-4D29CD2BA391}.Ad-Hoc|x64.Build.0 = Release|Any CPU
		{2E8AD5A1-00F2-41BE-870C-4D29CD2BA391}.Ad-Hoc|x64.Deploy.0 = Release|Any CPU
		{2E8AD5A1-00F2-41BE-870C-4D29CD2BA391}.Ad-Hoc|x86.ActiveCfg = Release|Any CPU
		{2E8AD5A1-00F2-41BE-870C-4D29CD2BA391}.Ad-Hoc|x86.Build.0 = Release|Any CPU
		{2E8AD5A1-00F2-41BE-870C-4D29CD2BA391}.Ad-Hoc|x86.Deploy.0 = Release|Any CPU
		{2E8AD5A1-00F2-41BE-870C-4D29CD2BA391}.AppStore|Any CPU.ActiveCfg = Debug|Any CPU
		{2E8AD5A1-00F2-41BE-870C-4D29CD2BA391}.AppStore|Any CPU.Build.0 = Debug|Any CPU
		{2E8AD5A1-00F2-41BE-870C-4D29CD2BA391}.AppStore|Any CPU.Deploy.0 = Debug|Any CPU
		{2E8AD5A1-00F2-41BE-870C-4D29CD2BA391}.AppStore|ARM.ActiveCfg = Release|Any CPU
		{2E8AD5A1-00F2-41BE-870C-4D29CD2BA391}.AppStore|ARM.Build.0 = Release|Any CPU
		{2E8AD5A1-00F2-41BE-870C-4D29CD2BA391}.AppStore|ARM.Deploy.0 = Release|Any CPU
		{2E8AD5A1-00F2-41BE-870C-4D29CD2BA391}.AppStore|iPhone.ActiveCfg = Release|Any CPU
		{2E8AD5A1-00F2-41BE-870C-4D29CD2BA391}.AppStore|iPhone.Build.0 = Release|Any CPU
		{2E8AD5A1-00F2-41BE-870C-4D29CD2BA391}.AppStore|iPhoneSimulator.ActiveCfg = Debug|Any CPU
		{2E8AD5A1-00F2-41BE-870C-4D29CD2BA391}.AppStore|iPhoneSimulator.Build.0 = Debug|Any CPU
		{2E8AD5A1-00F2-41BE-870C-4D29CD2BA391}.AppStore|iPhoneSimulator.Deploy.0 = Debug|Any CPU
		{2E8AD5A1-00F2-41BE-870C-4D29CD2BA391}.AppStore|x64.ActiveCfg = Release|Any CPU
		{2E8AD5A1-00F2-41BE-870C-4D29CD2BA391}.AppStore|x64.Build.0 = Release|Any CPU
		{2E8AD5A1-00F2-41BE-870C-4D29CD2BA391}.AppStore|x64.Deploy.0 = Release|Any CPU
		{2E8AD5A1-00F2-41BE-870C-4D29CD2BA391}.AppStore|x86.ActiveCfg = Release|Any CPU
		{2E8AD5A1-00F2-41BE-870C-4D29CD2BA391}.AppStore|x86.Build.0 = Release|Any CPU
		{2E8AD5A1-00F2-41BE-870C-4D29CD2BA391}.AppStore|x86.Deploy.0 = Release|Any CPU
		{2E8AD5A1-00F2-41BE-870C-4D29CD2BA391}.Debug|Any CPU.ActiveCfg = Debug|Any CPU
		{2E8AD5A1-00F2-41BE-870C-4D29CD2BA391}.Debug|Any CPU.Build.0 = Debug|Any CPU
		{2E8AD5A1-00F2-41BE-870C-4D29CD2BA391}.Debug|Any CPU.Deploy.0 = Debug|Any CPU
		{2E8AD5A1-00F2-41BE-870C-4D29CD2BA391}.Debug|ARM.ActiveCfg = Debug|Any CPU
		{2E8AD5A1-00F2-41BE-870C-4D29CD2BA391}.Debug|ARM.Build.0 = Debug|Any CPU
		{2E8AD5A1-00F2-41BE-870C-4D29CD2BA391}.Debug|ARM.Deploy.0 = Debug|Any CPU
		{2E8AD5A1-00F2-41BE-870C-4D29CD2BA391}.Debug|iPhone.ActiveCfg = Debug|Any CPU
		{2E8AD5A1-00F2-41BE-870C-4D29CD2BA391}.Debug|iPhone.Build.0 = Debug|Any CPU
		{2E8AD5A1-00F2-41BE-870C-4D29CD2BA391}.Debug|iPhoneSimulator.ActiveCfg = Debug|Any CPU
		{2E8AD5A1-00F2-41BE-870C-4D29CD2BA391}.Debug|iPhoneSimulator.Build.0 = Debug|Any CPU
		{2E8AD5A1-00F2-41BE-870C-4D29CD2BA391}.Debug|x64.ActiveCfg = Debug|Any CPU
		{2E8AD5A1-00F2-41BE-870C-4D29CD2BA391}.Debug|x64.Build.0 = Debug|Any CPU
		{2E8AD5A1-00F2-41BE-870C-4D29CD2BA391}.Debug|x64.Deploy.0 = Debug|Any CPU
		{2E8AD5A1-00F2-41BE-870C-4D29CD2BA391}.Debug|x86.ActiveCfg = Debug|Any CPU
		{2E8AD5A1-00F2-41BE-870C-4D29CD2BA391}.Debug|x86.Build.0 = Debug|Any CPU
		{2E8AD5A1-00F2-41BE-870C-4D29CD2BA391}.Debug|x86.Deploy.0 = Debug|Any CPU
		{2E8AD5A1-00F2-41BE-870C-4D29CD2BA391}.Release|Any CPU.ActiveCfg = Release|Any CPU
		{2E8AD5A1-00F2-41BE-870C-4D29CD2BA391}.Release|Any CPU.Build.0 = Release|Any CPU
		{2E8AD5A1-00F2-41BE-870C-4D29CD2BA391}.Release|ARM.ActiveCfg = Release|Any CPU
		{2E8AD5A1-00F2-41BE-870C-4D29CD2BA391}.Release|ARM.Build.0 = Release|Any CPU
		{2E8AD5A1-00F2-41BE-870C-4D29CD2BA391}.Release|ARM.Deploy.0 = Release|Any CPU
		{2E8AD5A1-00F2-41BE-870C-4D29CD2BA391}.Release|iPhone.ActiveCfg = Release|Any CPU
		{2E8AD5A1-00F2-41BE-870C-4D29CD2BA391}.Release|iPhone.Build.0 = Release|Any CPU
		{2E8AD5A1-00F2-41BE-870C-4D29CD2BA391}.Release|iPhoneSimulator.ActiveCfg = Release|Any CPU
		{2E8AD5A1-00F2-41BE-870C-4D29CD2BA391}.Release|iPhoneSimulator.Build.0 = Release|Any CPU
		{2E8AD5A1-00F2-41BE-870C-4D29CD2BA391}.Release|x64.ActiveCfg = Release|Any CPU
		{2E8AD5A1-00F2-41BE-870C-4D29CD2BA391}.Release|x64.Build.0 = Release|Any CPU
		{2E8AD5A1-00F2-41BE-870C-4D29CD2BA391}.Release|x64.Deploy.0 = Release|Any CPU
		{2E8AD5A1-00F2-41BE-870C-4D29CD2BA391}.Release|x86.ActiveCfg = Release|Any CPU
		{2E8AD5A1-00F2-41BE-870C-4D29CD2BA391}.Release|x86.Build.0 = Release|Any CPU
		{2E8AD5A1-00F2-41BE-870C-4D29CD2BA391}.Release|x86.Deploy.0 = Release|Any CPU
		{2E8AD5A1-00F2-41BE-870C-4D29CD2BA391}.Release-xml|Any CPU.ActiveCfg = Debug|Any CPU
		{2E8AD5A1-00F2-41BE-870C-4D29CD2BA391}.Release-xml|Any CPU.Build.0 = Debug|Any CPU
		{2E8AD5A1-00F2-41BE-870C-4D29CD2BA391}.Release-xml|ARM.ActiveCfg = Release|Any CPU
		{2E8AD5A1-00F2-41BE-870C-4D29CD2BA391}.Release-xml|ARM.Build.0 = Release|Any CPU
		{2E8AD5A1-00F2-41BE-870C-4D29CD2BA391}.Release-xml|ARM.Deploy.0 = Release|Any CPU
		{2E8AD5A1-00F2-41BE-870C-4D29CD2BA391}.Release-xml|iPhone.ActiveCfg = Release|Any CPU
		{2E8AD5A1-00F2-41BE-870C-4D29CD2BA391}.Release-xml|iPhone.Build.0 = Release|Any CPU
		{2E8AD5A1-00F2-41BE-870C-4D29CD2BA391}.Release-xml|iPhone.Deploy.0 = Release|Any CPU
		{2E8AD5A1-00F2-41BE-870C-4D29CD2BA391}.Release-xml|iPhoneSimulator.ActiveCfg = Release|Any CPU
		{2E8AD5A1-00F2-41BE-870C-4D29CD2BA391}.Release-xml|iPhoneSimulator.Build.0 = Release|Any CPU
		{2E8AD5A1-00F2-41BE-870C-4D29CD2BA391}.Release-xml|iPhoneSimulator.Deploy.0 = Release|Any CPU
		{2E8AD5A1-00F2-41BE-870C-4D29CD2BA391}.Release-xml|x64.ActiveCfg = Release|Any CPU
		{2E8AD5A1-00F2-41BE-870C-4D29CD2BA391}.Release-xml|x64.Build.0 = Release|Any CPU
		{2E8AD5A1-00F2-41BE-870C-4D29CD2BA391}.Release-xml|x64.Deploy.0 = Release|Any CPU
		{2E8AD5A1-00F2-41BE-870C-4D29CD2BA391}.Release-xml|x86.ActiveCfg = Release|Any CPU
		{2E8AD5A1-00F2-41BE-870C-4D29CD2BA391}.Release-xml|x86.Build.0 = Release|Any CPU
		{2E8AD5A1-00F2-41BE-870C-4D29CD2BA391}.Release-xml|x86.Deploy.0 = Release|Any CPU
		{2889D79A-A1BE-4132-806A-7875DEA088E4}.Ad-Hoc|Any CPU.ActiveCfg = Release|x86
		{2889D79A-A1BE-4132-806A-7875DEA088E4}.Ad-Hoc|Any CPU.Build.0 = Release|x86
		{2889D79A-A1BE-4132-806A-7875DEA088E4}.Ad-Hoc|Any CPU.Deploy.0 = Release|x86
		{2889D79A-A1BE-4132-806A-7875DEA088E4}.Ad-Hoc|ARM.ActiveCfg = Release|ARM
		{2889D79A-A1BE-4132-806A-7875DEA088E4}.Ad-Hoc|ARM.Build.0 = Release|ARM
		{2889D79A-A1BE-4132-806A-7875DEA088E4}.Ad-Hoc|ARM.Deploy.0 = Release|ARM
		{2889D79A-A1BE-4132-806A-7875DEA088E4}.Ad-Hoc|iPhone.ActiveCfg = Release|x86
		{2889D79A-A1BE-4132-806A-7875DEA088E4}.Ad-Hoc|iPhone.Build.0 = Release|x86
		{2889D79A-A1BE-4132-806A-7875DEA088E4}.Ad-Hoc|iPhone.Deploy.0 = Release|x86
		{2889D79A-A1BE-4132-806A-7875DEA088E4}.Ad-Hoc|iPhoneSimulator.ActiveCfg = Release|x86
		{2889D79A-A1BE-4132-806A-7875DEA088E4}.Ad-Hoc|iPhoneSimulator.Build.0 = Release|x86
		{2889D79A-A1BE-4132-806A-7875DEA088E4}.Ad-Hoc|iPhoneSimulator.Deploy.0 = Release|x86
		{2889D79A-A1BE-4132-806A-7875DEA088E4}.Ad-Hoc|x64.ActiveCfg = Release|x64
		{2889D79A-A1BE-4132-806A-7875DEA088E4}.Ad-Hoc|x64.Build.0 = Release|x64
		{2889D79A-A1BE-4132-806A-7875DEA088E4}.Ad-Hoc|x64.Deploy.0 = Release|x64
		{2889D79A-A1BE-4132-806A-7875DEA088E4}.Ad-Hoc|x86.ActiveCfg = Release|x86
		{2889D79A-A1BE-4132-806A-7875DEA088E4}.Ad-Hoc|x86.Build.0 = Release|x86
		{2889D79A-A1BE-4132-806A-7875DEA088E4}.Ad-Hoc|x86.Deploy.0 = Release|x86
		{2889D79A-A1BE-4132-806A-7875DEA088E4}.AppStore|Any CPU.ActiveCfg = Release|x86
		{2889D79A-A1BE-4132-806A-7875DEA088E4}.AppStore|Any CPU.Build.0 = Release|x86
		{2889D79A-A1BE-4132-806A-7875DEA088E4}.AppStore|Any CPU.Deploy.0 = Release|x86
		{2889D79A-A1BE-4132-806A-7875DEA088E4}.AppStore|ARM.ActiveCfg = Release|ARM
		{2889D79A-A1BE-4132-806A-7875DEA088E4}.AppStore|ARM.Build.0 = Release|ARM
		{2889D79A-A1BE-4132-806A-7875DEA088E4}.AppStore|ARM.Deploy.0 = Release|ARM
		{2889D79A-A1BE-4132-806A-7875DEA088E4}.AppStore|iPhone.ActiveCfg = Release|x86
		{2889D79A-A1BE-4132-806A-7875DEA088E4}.AppStore|iPhone.Build.0 = Release|x86
		{2889D79A-A1BE-4132-806A-7875DEA088E4}.AppStore|iPhone.Deploy.0 = Release|x86
		{2889D79A-A1BE-4132-806A-7875DEA088E4}.AppStore|iPhoneSimulator.ActiveCfg = Release|x86
		{2889D79A-A1BE-4132-806A-7875DEA088E4}.AppStore|iPhoneSimulator.Build.0 = Release|x86
		{2889D79A-A1BE-4132-806A-7875DEA088E4}.AppStore|iPhoneSimulator.Deploy.0 = Release|x86
		{2889D79A-A1BE-4132-806A-7875DEA088E4}.AppStore|x64.ActiveCfg = Release|x64
		{2889D79A-A1BE-4132-806A-7875DEA088E4}.AppStore|x64.Build.0 = Release|x64
		{2889D79A-A1BE-4132-806A-7875DEA088E4}.AppStore|x64.Deploy.0 = Release|x64
		{2889D79A-A1BE-4132-806A-7875DEA088E4}.AppStore|x86.ActiveCfg = Release|x86
		{2889D79A-A1BE-4132-806A-7875DEA088E4}.AppStore|x86.Build.0 = Release|x86
		{2889D79A-A1BE-4132-806A-7875DEA088E4}.AppStore|x86.Deploy.0 = Release|x86
		{2889D79A-A1BE-4132-806A-7875DEA088E4}.Debug|Any CPU.ActiveCfg = Debug|x86
		{2889D79A-A1BE-4132-806A-7875DEA088E4}.Debug|ARM.ActiveCfg = Debug|ARM
		{2889D79A-A1BE-4132-806A-7875DEA088E4}.Debug|ARM.Build.0 = Debug|ARM
		{2889D79A-A1BE-4132-806A-7875DEA088E4}.Debug|ARM.Deploy.0 = Debug|ARM
		{2889D79A-A1BE-4132-806A-7875DEA088E4}.Debug|iPhone.ActiveCfg = Debug|x86
		{2889D79A-A1BE-4132-806A-7875DEA088E4}.Debug|iPhoneSimulator.ActiveCfg = Debug|x86
		{2889D79A-A1BE-4132-806A-7875DEA088E4}.Debug|x64.ActiveCfg = Debug|x64
		{2889D79A-A1BE-4132-806A-7875DEA088E4}.Debug|x64.Build.0 = Debug|x64
		{2889D79A-A1BE-4132-806A-7875DEA088E4}.Debug|x64.Deploy.0 = Debug|x64
		{2889D79A-A1BE-4132-806A-7875DEA088E4}.Debug|x86.ActiveCfg = Debug|x86
		{2889D79A-A1BE-4132-806A-7875DEA088E4}.Debug|x86.Build.0 = Debug|x86
		{2889D79A-A1BE-4132-806A-7875DEA088E4}.Debug|x86.Deploy.0 = Debug|x86
		{2889D79A-A1BE-4132-806A-7875DEA088E4}.Release|Any CPU.ActiveCfg = Release|x86
		{2889D79A-A1BE-4132-806A-7875DEA088E4}.Release|ARM.ActiveCfg = Release|ARM
		{2889D79A-A1BE-4132-806A-7875DEA088E4}.Release|ARM.Build.0 = Release|ARM
		{2889D79A-A1BE-4132-806A-7875DEA088E4}.Release|ARM.Deploy.0 = Release|ARM
		{2889D79A-A1BE-4132-806A-7875DEA088E4}.Release|iPhone.ActiveCfg = Release|x86
		{2889D79A-A1BE-4132-806A-7875DEA088E4}.Release|iPhoneSimulator.ActiveCfg = Release|x86
		{2889D79A-A1BE-4132-806A-7875DEA088E4}.Release|x64.ActiveCfg = Release|x64
		{2889D79A-A1BE-4132-806A-7875DEA088E4}.Release|x64.Build.0 = Release|x64
		{2889D79A-A1BE-4132-806A-7875DEA088E4}.Release|x64.Deploy.0 = Release|x64
		{2889D79A-A1BE-4132-806A-7875DEA088E4}.Release|x86.ActiveCfg = Release|x86
		{2889D79A-A1BE-4132-806A-7875DEA088E4}.Release|x86.Build.0 = Release|x86
		{2889D79A-A1BE-4132-806A-7875DEA088E4}.Release|x86.Deploy.0 = Release|x86
		{2889D79A-A1BE-4132-806A-7875DEA088E4}.Release-xml|Any CPU.ActiveCfg = Release|x86
		{2889D79A-A1BE-4132-806A-7875DEA088E4}.Release-xml|Any CPU.Build.0 = Release|x86
		{2889D79A-A1BE-4132-806A-7875DEA088E4}.Release-xml|Any CPU.Deploy.0 = Release|x86
		{2889D79A-A1BE-4132-806A-7875DEA088E4}.Release-xml|ARM.ActiveCfg = Release|ARM
		{2889D79A-A1BE-4132-806A-7875DEA088E4}.Release-xml|ARM.Build.0 = Release|ARM
		{2889D79A-A1BE-4132-806A-7875DEA088E4}.Release-xml|ARM.Deploy.0 = Release|ARM
		{2889D79A-A1BE-4132-806A-7875DEA088E4}.Release-xml|iPhone.ActiveCfg = Release|x86
		{2889D79A-A1BE-4132-806A-7875DEA088E4}.Release-xml|iPhone.Build.0 = Release|x86
		{2889D79A-A1BE-4132-806A-7875DEA088E4}.Release-xml|iPhone.Deploy.0 = Release|x86
		{2889D79A-A1BE-4132-806A-7875DEA088E4}.Release-xml|iPhoneSimulator.ActiveCfg = Release|x86
		{2889D79A-A1BE-4132-806A-7875DEA088E4}.Release-xml|iPhoneSimulator.Build.0 = Release|x86
		{2889D79A-A1BE-4132-806A-7875DEA088E4}.Release-xml|iPhoneSimulator.Deploy.0 = Release|x86
		{2889D79A-A1BE-4132-806A-7875DEA088E4}.Release-xml|x64.ActiveCfg = Release|x64
		{2889D79A-A1BE-4132-806A-7875DEA088E4}.Release-xml|x64.Build.0 = Release|x64
		{2889D79A-A1BE-4132-806A-7875DEA088E4}.Release-xml|x64.Deploy.0 = Release|x64
		{2889D79A-A1BE-4132-806A-7875DEA088E4}.Release-xml|x86.ActiveCfg = Release|x86
		{2889D79A-A1BE-4132-806A-7875DEA088E4}.Release-xml|x86.Build.0 = Release|x86
		{2889D79A-A1BE-4132-806A-7875DEA088E4}.Release-xml|x86.Deploy.0 = Release|x86
	EndGlobalSection
	GlobalSection(SolutionProperties) = preSolution
		HideSolutionNode = FALSE
	EndGlobalSection
	GlobalSection(ExtensibilityGlobals) = postSolution
		SolutionGuid = {20E0262B-4C60-4BAC-B408-93C62F4A539A}
	EndGlobalSection
EndGlobal
